// !$*UTF8*$!
{
	archiveVersion = 1;
	classes = {
	};
	objectVersion = 55;
	objects = {

/* Begin PBXBuildFile section */
		D019ADBC29130469005D5863 /* VideoCaptureView.swift in Sources */ = {isa = PBXBuildFile; fileRef = D019ADBB29130469005D5863 /* VideoCaptureView.swift */; };
		D081D73E291473F60035374F /* Asset 10.png in Resources */ = {isa = PBXBuildFile; fileRef = D081D73D291473F60035374F /* Asset 10.png */; };
		D081D740291475C90035374F /* ContentView.swift in Sources */ = {isa = PBXBuildFile; fileRef = D081D73F291475C90035374F /* ContentView.swift */; };
		D0EC8AE529084DF6006DAA96 /* followcamApp.swift in Sources */ = {isa = PBXBuildFile; fileRef = D0EC8AE429084DF6006DAA96 /* followcamApp.swift */; };
		D0EC8AE929084DF8006DAA96 /* Assets.xcassets in Resources */ = {isa = PBXBuildFile; fileRef = D0EC8AE829084DF8006DAA96 /* Assets.xcassets */; };
		D0EC8AEC29084DF8006DAA96 /* Preview Assets.xcassets in Resources */ = {isa = PBXBuildFile; fileRef = D0EC8AEB29084DF8006DAA96 /* Preview Assets.xcassets */; };
		D0EC8AF429086C07006DAA96 /* Motor.swift in Sources */ = {isa = PBXBuildFile; fileRef = D0EC8AF229086C07006DAA96 /* Motor.swift */; };
		D0EC8AF529086C07006DAA96 /* Tracker.swift in Sources */ = {isa = PBXBuildFile; fileRef = D0EC8AF329086C07006DAA96 /* Tracker.swift */; };
/* End PBXBuildFile section */

/* Begin PBXFileReference section */
		D019ADBB29130469005D5863 /* VideoCaptureView.swift */ = {isa = PBXFileReference; lastKnownFileType = sourcecode.swift; path = VideoCaptureView.swift; sourceTree = "<group>"; };
		D081D73C29146A800035374F /* Info.plist */ = {isa = PBXFileReference; lastKnownFileType = text.plist; path = Info.plist; sourceTree = "<group>"; };
		D081D73D291473F60035374F /* Asset 10.png */ = {isa = PBXFileReference; lastKnownFileType = image.png; path = "Asset 10.png"; sourceTree = SOURCE_ROOT; };
		D081D73F291475C90035374F /* ContentView.swift */ = {isa = PBXFileReference; fileEncoding = 4; lastKnownFileType = sourcecode.swift; name = ContentView.swift; path = ../../../.Trash/ContentView.swift; sourceTree = "<group>"; };
		D0EC8AE129084DF6006DAA96 /* followcam.app */ = {isa = PBXFileReference; explicitFileType = wrapper.application; includeInIndex = 0; path = followcam.app; sourceTree = BUILT_PRODUCTS_DIR; };
		D0EC8AE429084DF6006DAA96 /* followcamApp.swift */ = {isa = PBXFileReference; lastKnownFileType = sourcecode.swift; path = followcamApp.swift; sourceTree = "<group>"; };
		D0EC8AE829084DF8006DAA96 /* Assets.xcassets */ = {isa = PBXFileReference; lastKnownFileType = folder.assetcatalog; path = Assets.xcassets; sourceTree = "<group>"; };
		D0EC8AEB29084DF8006DAA96 /* Preview Assets.xcassets */ = {isa = PBXFileReference; lastKnownFileType = folder.assetcatalog; path = "Preview Assets.xcassets"; sourceTree = "<group>"; };
		D0EC8AF229086C07006DAA96 /* Motor.swift */ = {isa = PBXFileReference; fileEncoding = 4; lastKnownFileType = sourcecode.swift; path = Motor.swift; sourceTree = "<group>"; };
		D0EC8AF329086C07006DAA96 /* Tracker.swift */ = {isa = PBXFileReference; fileEncoding = 4; lastKnownFileType = sourcecode.swift; path = Tracker.swift; sourceTree = "<group>"; };
/* End PBXFileReference section */

/* Begin PBXFrameworksBuildPhase section */
		D0EC8ADE29084DF6006DAA96 /* Frameworks */ = {
			isa = PBXFrameworksBuildPhase;
			buildActionMask = 2147483647;
			files = (
			);
			runOnlyForDeploymentPostprocessing = 0;
		};
/* End PBXFrameworksBuildPhase section */

/* Begin PBXGroup section */
		D0EC8AD829084DF6006DAA96 = {
			isa = PBXGroup;
			children = (
				D0EC8AE329084DF6006DAA96 /* followcam */,
				D0EC8AE229084DF6006DAA96 /* Products */,
			);
			sourceTree = "<group>";
		};
		D0EC8AE229084DF6006DAA96 /* Products */ = {
			isa = PBXGroup;
			children = (
				D0EC8AE129084DF6006DAA96 /* followcam.app */,
			);
			name = Products;
			sourceTree = "<group>";
		};
		D0EC8AE329084DF6006DAA96 /* followcam */ = {
			isa = PBXGroup;
			children = (
				D081D73C29146A800035374F /* Info.plist */,
				D0EC8AE429084DF6006DAA96 /* followcamApp.swift */,
				D081D73F291475C90035374F /* ContentView.swift */,
				D0EC8AF229086C07006DAA96 /* Motor.swift */,
				D0EC8AF329086C07006DAA96 /* Tracker.swift */,
				D019ADBB29130469005D5863 /* VideoCaptureView.swift */,
				D0EC8AE829084DF8006DAA96 /* Assets.xcassets */,
				D0EC8AEA29084DF8006DAA96 /* Preview Content */,
			);
			path = followcam;
			sourceTree = "<group>";
		};
		D0EC8AEA29084DF8006DAA96 /* Preview Content */ = {
			isa = PBXGroup;
			children = (
				D081D73D291473F60035374F /* Asset 10.png */,
				D0EC8AEB29084DF8006DAA96 /* Preview Assets.xcassets */,
			);
			path = "Preview Content";
			sourceTree = "<group>";
		};
/* End PBXGroup section */

/* Begin PBXNativeTarget section */
		D0EC8AE029084DF6006DAA96 /* followcam */ = {
			isa = PBXNativeTarget;
			buildConfigurationList = D0EC8AEF29084DF8006DAA96 /* Build configuration list for PBXNativeTarget "followcam" */;
			buildPhases = (
				D0EC8ADD29084DF6006DAA96 /* Sources */,
				D0EC8ADE29084DF6006DAA96 /* Frameworks */,
				D0EC8ADF29084DF6006DAA96 /* Resources */,
			);
			buildRules = (
			);
			dependencies = (
			);
			name = followcam;
			productName = followcam;
			productReference = D0EC8AE129084DF6006DAA96 /* followcam.app */;
			productType = "com.apple.product-type.application";
		};
/* End PBXNativeTarget section */

/* Begin PBXProject section */
		D0EC8AD929084DF6006DAA96 /* Project object */ = {
			isa = PBXProject;
			attributes = {
				BuildIndependentTargetsInParallel = 1;
				LastSwiftUpdateCheck = 1340;
				LastUpgradeCheck = 1340;
				TargetAttributes = {
					D0EC8AE029084DF6006DAA96 = {
						CreatedOnToolsVersion = 13.4.1;
					};
				};
			};
			buildConfigurationList = D0EC8ADC29084DF6006DAA96 /* Build configuration list for PBXProject "followcam" */;
			compatibilityVersion = "Xcode 13.0";
			developmentRegion = en;
			hasScannedForEncodings = 0;
			knownRegions = (
				en,
				Base,
			);
			mainGroup = D0EC8AD829084DF6006DAA96;
			productRefGroup = D0EC8AE229084DF6006DAA96 /* Products */;
			projectDirPath = "";
			projectRoot = "";
			targets = (
				D0EC8AE029084DF6006DAA96 /* followcam */,
			);
		};
/* End PBXProject section */

/* Begin PBXResourcesBuildPhase section */
		D0EC8ADF29084DF6006DAA96 /* Resources */ = {
			isa = PBXResourcesBuildPhase;
			buildActionMask = 2147483647;
			files = (
				D081D73E291473F60035374F /* Asset 10.png in Resources */,
				D0EC8AEC29084DF8006DAA96 /* Preview Assets.xcassets in Resources */,
				D0EC8AE929084DF8006DAA96 /* Assets.xcassets in Resources */,
			);
			runOnlyForDeploymentPostprocessing = 0;
		};
/* End PBXResourcesBuildPhase section */

/* Begin PBXSourcesBuildPhase section */
		D0EC8ADD29084DF6006DAA96 /* Sources */ = {
			isa = PBXSourcesBuildPhase;
			buildActionMask = 2147483647;
			files = (
				D0EC8AF529086C07006DAA96 /* Tracker.swift in Sources */,
				D081D740291475C90035374F /* ContentView.swift in Sources */,
				D019ADBC29130469005D5863 /* VideoCaptureView.swift in Sources */,
				D0EC8AF429086C07006DAA96 /* Motor.swift in Sources */,
				D0EC8AE529084DF6006DAA96 /* followcamApp.swift in Sources */,
			);
			runOnlyForDeploymentPostprocessing = 0;
		};
/* End PBXSourcesBuildPhase section */

/* Begin XCBuildConfiguration section */
		D0EC8AED29084DF8006DAA96 /* Debug */ = {
			isa = XCBuildConfiguration;
			buildSettings = {
				ALWAYS_SEARCH_USER_PATHS = NO;
				CLANG_ANALYZER_NONNULL = YES;
				CLANG_ANALYZER_NUMBER_OBJECT_CONVERSION = YES_AGGRESSIVE;
				CLANG_CXX_LANGUAGE_STANDARD = "gnu++17";
				CLANG_ENABLE_MODULES = YES;
				CLANG_ENABLE_OBJC_ARC = YES;
				CLANG_ENABLE_OBJC_WEAK = YES;
				CLANG_WARN_BLOCK_CAPTURE_AUTORELEASING = YES;
				CLANG_WARN_BOOL_CONVERSION = YES;
				CLANG_WARN_COMMA = YES;
				CLANG_WARN_CONSTANT_CONVERSION = YES;
				CLANG_WARN_DEPRECATED_OBJC_IMPLEMENTATIONS = YES;
				CLANG_WARN_DIRECT_OBJC_ISA_USAGE = YES_ERROR;
				CLANG_WARN_DOCUMENTATION_COMMENTS = YES;
				CLANG_WARN_EMPTY_BODY = YES;
				CLANG_WARN_ENUM_CONVERSION = YES;
				CLANG_WARN_INFINITE_RECURSION = YES;
				CLANG_WARN_INT_CONVERSION = YES;
				CLANG_WARN_NON_LITERAL_NULL_CONVERSION = YES;
				CLANG_WARN_OBJC_IMPLICIT_RETAIN_SELF = YES;
				CLANG_WARN_OBJC_LITERAL_CONVERSION = YES;
				CLANG_WARN_OBJC_ROOT_CLASS = YES_ERROR;
				CLANG_WARN_QUOTED_INCLUDE_IN_FRAMEWORK_HEADER = YES;
				CLANG_WARN_RANGE_LOOP_ANALYSIS = YES;
				CLANG_WARN_STRICT_PROTOTYPES = YES;
				CLANG_WARN_SUSPICIOUS_MOVE = YES;
				CLANG_WARN_UNGUARDED_AVAILABILITY = YES_AGGRESSIVE;
				CLANG_WARN_UNREACHABLE_CODE = YES;
				CLANG_WARN__DUPLICATE_METHOD_MATCH = YES;
				COPY_PHASE_STRIP = NO;
				DEBUG_INFORMATION_FORMAT = dwarf;
				ENABLE_STRICT_OBJC_MSGSEND = YES;
				ENABLE_TESTABILITY = YES;
				GCC_C_LANGUAGE_STANDARD = gnu11;
				GCC_DYNAMIC_NO_PIC = NO;
				GCC_NO_COMMON_BLOCKS = YES;
				GCC_OPTIMIZATION_LEVEL = 0;
				GCC_PREPROCESSOR_DEFINITIONS = (
					"DEBUG=1",
					"$(inherited)",
				);
				GCC_WARN_64_TO_32_BIT_CONVERSION = YES;
				GCC_WARN_ABOUT_RETURN_TYPE = YES_ERROR;
				GCC_WARN_UNDECLARED_SELECTOR = YES;
				GCC_WARN_UNINITIALIZED_AUTOS = YES_AGGRESSIVE;
				GCC_WARN_UNUSED_FUNCTION = YES;
				GCC_WARN_UNUSED_VARIABLE = YES;
				IPHONEOS_DEPLOYMENT_TARGET = 15.5;
				MTL_ENABLE_DEBUG_INFO = INCLUDE_SOURCE;
				MTL_FAST_MATH = YES;
				ONLY_ACTIVE_ARCH = YES;
				SDKROOT = iphoneos;
				SWIFT_ACTIVE_COMPILATION_CONDITIONS = DEBUG;
				SWIFT_OPTIMIZATION_LEVEL = "-Onone";
			};
			name = Debug;
		};
		D0EC8AEE29084DF8006DAA96 /* Release */ = {
			isa = XCBuildConfiguration;
			buildSettings = {
				ALWAYS_SEARCH_USER_PATHS = NO;
				CLANG_ANALYZER_NONNULL = YES;
				CLANG_ANALYZER_NUMBER_OBJECT_CONVERSION = YES_AGGRESSIVE;
				CLANG_CXX_LANGUAGE_STANDARD = "gnu++17";
				CLANG_ENABLE_MODULES = YES;
				CLANG_ENABLE_OBJC_ARC = YES;
				CLANG_ENABLE_OBJC_WEAK = YES;
				CLANG_WARN_BLOCK_CAPTURE_AUTORELEASING = YES;
				CLANG_WARN_BOOL_CONVERSION = YES;
				CLANG_WARN_COMMA = YES;
				CLANG_WARN_CONSTANT_CONVERSION = YES;
				CLANG_WARN_DEPRECATED_OBJC_IMPLEMENTATIONS = YES;
				CLANG_WARN_DIRECT_OBJC_ISA_USAGE = YES_ERROR;
				CLANG_WARN_DOCUMENTATION_COMMENTS = YES;
				CLANG_WARN_EMPTY_BODY = YES;
				CLANG_WARN_ENUM_CONVERSION = YES;
				CLANG_WARN_INFINITE_RECURSION = YES;
				CLANG_WARN_INT_CONVERSION = YES;
				CLANG_WARN_NON_LITERAL_NULL_CONVERSION = YES;
				CLANG_WARN_OBJC_IMPLICIT_RETAIN_SELF = YES;
				CLANG_WARN_OBJC_LITERAL_CONVERSION = YES;
				CLANG_WARN_OBJC_ROOT_CLASS = YES_ERROR;
				CLANG_WARN_QUOTED_INCLUDE_IN_FRAMEWORK_HEADER = YES;
				CLANG_WARN_RANGE_LOOP_ANALYSIS = YES;
				CLANG_WARN_STRICT_PROTOTYPES = YES;
				CLANG_WARN_SUSPICIOUS_MOVE = YES;
				CLANG_WARN_UNGUARDED_AVAILABILITY = YES_AGGRESSIVE;
				CLANG_WARN_UNREACHABLE_CODE = YES;
				CLANG_WARN__DUPLICATE_METHOD_MATCH = YES;
				COPY_PHASE_STRIP = NO;
				DEBUG_INFORMATION_FORMAT = "dwarf-with-dsym";
				ENABLE_NS_ASSERTIONS = NO;
				ENABLE_STRICT_OBJC_MSGSEND = YES;
				GCC_C_LANGUAGE_STANDARD = gnu11;
				GCC_NO_COMMON_BLOCKS = YES;
				GCC_WARN_64_TO_32_BIT_CONVERSION = YES;
				GCC_WARN_ABOUT_RETURN_TYPE = YES_ERROR;
				GCC_WARN_UNDECLARED_SELECTOR = YES;
				GCC_WARN_UNINITIALIZED_AUTOS = YES_AGGRESSIVE;
				GCC_WARN_UNUSED_FUNCTION = YES;
				GCC_WARN_UNUSED_VARIABLE = YES;
				IPHONEOS_DEPLOYMENT_TARGET = 15.5;
				MTL_ENABLE_DEBUG_INFO = NO;
				MTL_FAST_MATH = YES;
				SDKROOT = iphoneos;
				SWIFT_COMPILATION_MODE = wholemodule;
				SWIFT_OPTIMIZATION_LEVEL = "-O";
				VALIDATE_PRODUCT = YES;
			};
			name = Release;
		};
		D0EC8AF029084DF8006DAA96 /* Debug */ = {
			isa = XCBuildConfiguration;
			buildSettings = {
				ASSETCATALOG_COMPILER_APPICON_NAME = AppIcon;
				ASSETCATALOG_COMPILER_GLOBAL_ACCENT_COLOR_NAME = AccentColor;
				CODE_SIGN_STYLE = Automatic;
				CURRENT_PROJECT_VERSION = 1;
				DEVELOPMENT_ASSET_PATHS = "\"followcam/Preview Content\"";
				DEVELOPMENT_TEAM = TW9F2F5PGW;
				ENABLE_PREVIEWS = YES;
				GENERATE_INFOPLIST_FILE = YES;
				INFOPLIST_FILE = followcam/Info.plist;
				INFOPLIST_KEY_CFBundleDisplayName = "";
				INFOPLIST_KEY_LSApplicationCategoryType = "";
				INFOPLIST_KEY_NSBluetoothAlwaysUsageDescription = "surftracker needs bluetooth to connect with the motor";
				INFOPLIST_KEY_NSCameraUsageDescription = "surftracker needs the camera to record video";
				INFOPLIST_KEY_NSLocationWhenInUseUsageDescription = "surftracker uses GPS data to point the camera";
				INFOPLIST_KEY_NSPhotoLibraryAddUsageDescription = "surtracker needs to store movies in the camera roll";
				INFOPLIST_KEY_NSPhotoLibraryUsageDescription = "surftracker needs access to photos";
				INFOPLIST_KEY_UIApplicationSceneManifest_Generation = YES;
				INFOPLIST_KEY_UIApplicationSupportsIndirectInputEvents = YES;
				INFOPLIST_KEY_UILaunchScreen_Generation = YES;
				INFOPLIST_KEY_UISupportedInterfaceOrientations_iPad = "UIInterfaceOrientationPortrait UIInterfaceOrientationPortraitUpsideDown UIInterfaceOrientationLandscapeLeft UIInterfaceOrientationLandscapeRight";
				INFOPLIST_KEY_UISupportedInterfaceOrientations_iPhone = "UIInterfaceOrientationPortrait UIInterfaceOrientationLandscapeLeft UIInterfaceOrientationLandscapeRight";
				LD_RUNPATH_SEARCH_PATHS = (
					"$(inherited)",
					"@executable_path/Frameworks",
				);
				MARKETING_VERSION = 1.0;
				MTL_ENABLE_DEBUG_INFO = NO;
				PRODUCT_BUNDLE_IDENTIFIER = wungi.followcam;
				PRODUCT_NAME = "$(TARGET_NAME)";
				SWIFT_EMIT_LOC_STRINGS = YES;
				SWIFT_VERSION = 5.0;
				TARGETED_DEVICE_FAMILY = "1,2";
			};
			name = Debug;
		};
		D0EC8AF129084DF8006DAA96 /* Release */ = {
			isa = XCBuildConfiguration;
			buildSettings = {
				ASSETCATALOG_COMPILER_APPICON_NAME = AppIcon;
				ASSETCATALOG_COMPILER_GLOBAL_ACCENT_COLOR_NAME = AccentColor;
				CODE_SIGN_STYLE = Automatic;
				CURRENT_PROJECT_VERSION = 1;
				DEVELOPMENT_ASSET_PATHS = "\"followcam/Preview Content\"";
				DEVELOPMENT_TEAM = TW9F2F5PGW;
				ENABLE_PREVIEWS = YES;
				GENERATE_INFOPLIST_FILE = YES;
				INFOPLIST_FILE = followcam/Info.plist;
				INFOPLIST_KEY_CFBundleDisplayName = "";
				INFOPLIST_KEY_LSApplicationCategoryType = "";
				INFOPLIST_KEY_NSBluetoothAlwaysUsageDescription = "surftracker needs bluetooth to connect with the motor";
				INFOPLIST_KEY_NSCameraUsageDescription = "surftracker needs the camera to record video";
				INFOPLIST_KEY_NSLocationWhenInUseUsageDescription = "surftracker uses GPS data to point the camera";
				INFOPLIST_KEY_NSPhotoLibraryAddUsageDescription = "surtracker needs to store movies in the camera roll";
				INFOPLIST_KEY_NSPhotoLibraryUsageDescription = "surftracker needs access to photos";
				INFOPLIST_KEY_UIApplicationSceneManifest_Generation = YES;
				INFOPLIST_KEY_UIApplicationSupportsIndirectInputEvents = YES;
				INFOPLIST_KEY_UILaunchScreen_Generation = YES;
				INFOPLIST_KEY_UISupportedInterfaceOrientations_iPad = "UIInterfaceOrientationPortrait UIInterfaceOrientationPortraitUpsideDown UIInterfaceOrientationLandscapeLeft UIInterfaceOrientationLandscapeRight";
				INFOPLIST_KEY_UISupportedInterfaceOrientations_iPhone = "UIInterfaceOrientationPortrait UIInterfaceOrientationLandscapeLeft UIInterfaceOrientationLandscapeRight";
				LD_RUNPATH_SEARCH_PATHS = (
					"$(inherited)",
					"@executable_path/Frameworks",
				);
				MARKETING_VERSION = 1.0;
				PRODUCT_BUNDLE_IDENTIFIER = wungi.followcam;
				PRODUCT_NAME = "$(TARGET_NAME)";
				SWIFT_EMIT_LOC_STRINGS = YES;
				SWIFT_VERSION = 5.0;
				TARGETED_DEVICE_FAMILY = "1,2";
			};
			name = Release;
		};
/* End XCBuildConfiguration section */

/* Begin XCConfigurationList section */
		D0EC8ADC29084DF6006DAA96 /* Build configuration list for PBXProject "followcam" */ = {
			isa = XCConfigurationList;
			buildConfigurations = (
				D0EC8AED29084DF8006DAA96 /* Debug */,
				D0EC8AEE29084DF8006DAA96 /* Release */,
			);
			defaultConfigurationIsVisible = 0;
			defaultConfigurationName = Release;
		};
		D0EC8AEF29084DF8006DAA96 /* Build configuration list for PBXNativeTarget "followcam" */ = {
			isa = XCConfigurationList;
			buildConfigurations = (
				D0EC8AF029084DF8006DAA96 /* Debug */,
				D0EC8AF129084DF8006DAA96 /* Release */,
			);
			defaultConfigurationIsVisible = 0;
			defaultConfigurationName = Release;
		};
/* End XCConfigurationList section */
	};
	rootObject = D0EC8AD929084DF6006DAA96 /* Project object */;
}
